
Microsoft Visual Studio Solution File, Format Version 12.00
# Visual Studio Version 16
VisualStudioVersion = 16.0.30907.101
MinimumVisualStudioVersion = 10.0.40219.1
Project("{FAE04EC0-301F-11D3-BF4B-00C04F79EFBC}") = "UserManager", "UserManager\UserManager.csproj", "{100747B1-FBDD-49CE-B7D3-2E930FD4F3DD}"
EndProject
Global
	GlobalSection(SolutionConfigurationPlatforms) = preSolution
		Debug|Any CPU = Debug|Any CPU
		Release|Any CPU = Release|Any CPU
	EndGlobalSection
	GlobalSection(ProjectConfigurationPlatforms) = postSolution
		{100747B1-FBDD-49CE-B7D3-2E930FD4F3DD}.Debug|Any CPU.ActiveCfg = Debug|Any CPU
		{100747B1-FBDD-49CE-B7D3-2E930FD4F3DD}.Debug|Any CPU.Build.0 = Debug|Any CPU
		{100747B1-FBDD-49CE-B7D3-2E930FD4F3DD}.Release|Any CPU.ActiveCfg = Release|Any CPU
		{100747B1-FBDD-49CE-B7D3-2E930FD4F3DD}.Release|Any CPU.Build.0 = Release|Any CPU
	EndGlobalSection
	GlobalSection(SolutionProperties) = preSolution
		HideSolutionNode = FALSE
	EndGlobalSection
	GlobalSection(ExtensibilityGlobals) = postSolution
		SolutionGuid = {CB69C569-AC18-4258-BBE9-8EBE1D475BF2}
	EndGlobalSection
EndGlobal
